
Microsoft Visual Studio Solution File, Format Version 12.00
# Visual Studio Version 16
VisualStudioVersion = 16.0.31105.61
MinimumVisualStudioVersion = 10.0.40219.1
Project("{9A19103F-16F7-4668-BE54-9A1E7A4F7556}") = "ElasticApi", "ElasticApi\ElasticApi.csproj", "{3B35DE46-7065-4461-9E92-1EA810EE65E3}"
EndProject
Global
	GlobalSection(SolutionConfigurationPlatforms) = preSolution
		Debug|Any CPU = Debug|Any CPU
		Release|Any CPU = Release|Any CPU
	EndGlobalSection
	GlobalSection(ProjectConfigurationPlatforms) = postSolution
		{3B35DE46-7065-4461-9E92-1EA810EE65E3}.Debug|Any CPU.ActiveCfg = Debug|Any CPU
		{3B35DE46-7065-4461-9E92-1EA810EE65E3}.Debug|Any CPU.Build.0 = Debug|Any CPU
		{3B35DE46-7065-4461-9E92-1EA810EE65E3}.Release|Any CPU.ActiveCfg = Release|Any CPU
		{3B35DE46-7065-4461-9E92-1EA810EE65E3}.Release|Any CPU.Build.0 = Release|Any CPU
	EndGlobalSection
	GlobalSection(SolutionProperties) = preSolution
		HideSolutionNode = FALSE
	EndGlobalSection
	GlobalSection(ExtensibilityGlobals) = postSolution
		SolutionGuid = {D328047B-001A-453E-BBF7-1DF83205269E}
	EndGlobalSection
EndGlobal
